
Microsoft Visual Studio Solution File, Format Version 12.00
# Visual Studio Version 16
VisualStudioVersion = 16.0.29905.134
MinimumVisualStudioVersion = 10.0.40219.1
Project("{9A19103F-16F7-4668-BE54-9A1E7A4F7556}") = "CordChrisis.Server", "CordChrisis\Server\CordChrisis.Server.csproj", "{F3740BBF-F0BD-4888-BC3C-53C4EC18B181}"
EndProject
Project("{9A19103F-16F7-4668-BE54-9A1E7A4F7556}") = "CordChrisis.Client", "CordChrisis\Client\CordChrisis.Client.csproj", "{82CE0B27-24B2-406D-B7E3-58F1B2173388}"
EndProject
Project("{9A19103F-16F7-4668-BE54-9A1E7A4F7556}") = "CordChrisis.Shared", "CordChrisis\Shared\CordChrisis.Shared.csproj", "{A2AF7CC3-5B2F-4FAE-AE14-AC1CBA747859}"
EndProject
Global
	GlobalSection(SolutionConfigurationPlatforms) = preSolution
		Debug|Any CPU = Debug|Any CPU
		Release|Any CPU = Release|Any CPU
	EndGlobalSection
	GlobalSection(ProjectConfigurationPlatforms) = postSolution
		{F3740BBF-F0BD-4888-BC3C-53C4EC18B181}.Debug|Any CPU.ActiveCfg = Debug|Any CPU
		{F3740BBF-F0BD-4888-BC3C-53C4EC18B181}.Debug|Any CPU.Build.0 = Debug|Any CPU
		{F3740BBF-F0BD-4888-BC3C-53C4EC18B181}.Release|Any CPU.ActiveCfg = Release|Any CPU
		{F3740BBF-F0BD-4888-BC3C-53C4EC18B181}.Release|Any CPU.Build.0 = Release|Any CPU
		{82CE0B27-24B2-406D-B7E3-58F1B2173388}.Debug|Any CPU.ActiveCfg = Debug|Any CPU
		{82CE0B27-24B2-406D-B7E3-58F1B2173388}.Debug|Any CPU.Build.0 = Debug|Any CPU
		{82CE0B27-24B2-406D-B7E3-58F1B2173388}.Release|Any CPU.ActiveCfg = Release|Any CPU
		{82CE0B27-24B2-406D-B7E3-58F1B2173388}.Release|Any CPU.Build.0 = Release|Any CPU
		{A2AF7CC3-5B2F-4FAE-AE14-AC1CBA747859}.Debug|Any CPU.ActiveCfg = Debug|Any CPU
		{A2AF7CC3-5B2F-4FAE-AE14-AC1CBA747859}.Debug|Any CPU.Build.0 = Debug|Any CPU
		{A2AF7CC3-5B2F-4FAE-AE14-AC1CBA747859}.Release|Any CPU.ActiveCfg = Release|Any CPU
		{A2AF7CC3-5B2F-4FAE-AE14-AC1CBA747859}.Release|Any CPU.Build.0 = Release|Any CPU
	EndGlobalSection
	GlobalSection(SolutionProperties) = preSolution
		HideSolutionNode = FALSE
	EndGlobalSection
	GlobalSection(ExtensibilityGlobals) = postSolution
		SolutionGuid = {7F0C47D6-9598-4067-86CA-8EFA687D7C24}
	EndGlobalSection
EndGlobal
